
Microsoft Visual Studio Solution File, Format Version 12.00
# Visual Studio Version 16
VisualStudioVersion = 16.0.30128.74
MinimumVisualStudioVersion = 10.0.40219.1
Project("{FAE04EC0-301F-11D3-BF4B-00C04F79EFBC}") = "LedBoard", "LedBoard\LedBoard.csproj", "{37E53829-60B3-43DF-BD82-859CBC80B100}"
	ProjectSection(ProjectDependencies) = postProject
		{777FD616-8835-443A-B8A4-2EFD12715218} = {777FD616-8835-443A-B8A4-2EFD12715218}
		{A47C4C7D-90B2-4253-8060-E1650A478784} = {A47C4C7D-90B2-4253-8060-E1650A478784}
		{385CBEEB-33E0-4702-AE30-DF779E937AFA} = {385CBEEB-33E0-4702-AE30-DF779E937AFA}
	EndProjectSection
EndProject
Project("{8BC9CEB8-8B4A-11D0-8D11-00A0C91BC942}") = "LedBoard.Resources", "LedBoard.Resources\LedBoard.Resources.vcxproj", "{A47C4C7D-90B2-4253-8060-E1650A478784}"
EndProject
Project("{FAE04EC0-301F-11D3-BF4B-00C04F79EFBC}") = "LedBoard.RegistryTool", "LedBoard.RegistryTool\LedBoard.RegistryTool.csproj", "{777FD616-8835-443A-B8A4-2EFD12715218}"
EndProject
Project("{FAE04EC0-301F-11D3-BF4B-00C04F79EFBC}") = "LedBoard.Screensaver", "LedBoard.Screensaver\LedBoard.Screensaver.csproj", "{385CBEEB-33E0-4702-AE30-DF779E937AFA}"
EndProject
Global
	GlobalSection(SolutionConfigurationPlatforms) = preSolution
		Debug|Any CPU = Debug|Any CPU
		Release|Any CPU = Release|Any CPU
	EndGlobalSection
	GlobalSection(ProjectConfigurationPlatforms) = postSolution
		{37E53829-60B3-43DF-BD82-859CBC80B100}.Debug|Any CPU.ActiveCfg = Debug|Any CPU
		{37E53829-60B3-43DF-BD82-859CBC80B100}.Debug|Any CPU.Build.0 = Debug|Any CPU
		{37E53829-60B3-43DF-BD82-859CBC80B100}.Release|Any CPU.ActiveCfg = Release|Any CPU
		{37E53829-60B3-43DF-BD82-859CBC80B100}.Release|Any CPU.Build.0 = Release|Any CPU
		{A47C4C7D-90B2-4253-8060-E1650A478784}.Debug|Any CPU.ActiveCfg = Debug|Win32
		{A47C4C7D-90B2-4253-8060-E1650A478784}.Debug|Any CPU.Build.0 = Debug|Win32
		{A47C4C7D-90B2-4253-8060-E1650A478784}.Release|Any CPU.ActiveCfg = Release|Win32
		{A47C4C7D-90B2-4253-8060-E1650A478784}.Release|Any CPU.Build.0 = Release|Win32
		{777FD616-8835-443A-B8A4-2EFD12715218}.Debug|Any CPU.ActiveCfg = Debug|Any CPU
		{777FD616-8835-443A-B8A4-2EFD12715218}.Debug|Any CPU.Build.0 = Debug|Any CPU
		{777FD616-8835-443A-B8A4-2EFD12715218}.Release|Any CPU.ActiveCfg = Release|Any CPU
		{777FD616-8835-443A-B8A4-2EFD12715218}.Release|Any CPU.Build.0 = Release|Any CPU
		{385CBEEB-33E0-4702-AE30-DF779E937AFA}.Debug|Any CPU.ActiveCfg = Debug|Any CPU
		{385CBEEB-33E0-4702-AE30-DF779E937AFA}.Debug|Any CPU.Build.0 = Debug|Any CPU
		{385CBEEB-33E0-4702-AE30-DF779E937AFA}.Release|Any CPU.ActiveCfg = Release|Any CPU
		{385CBEEB-33E0-4702-AE30-DF779E937AFA}.Release|Any CPU.Build.0 = Release|Any CPU
	EndGlobalSection
	GlobalSection(SolutionProperties) = preSolution
		HideSolutionNode = FALSE
	EndGlobalSection
	GlobalSection(ExtensibilityGlobals) = postSolution
		SolutionGuid = {68EBF412-6C8B-4CE4-8688-A71690DDE7C9}
	EndGlobalSection
EndGlobal
