
Microsoft Visual Studio Solution File, Format Version 12.00
# Visual Studio Version 16
VisualStudioVersion = 16.0.30128.74
MinimumVisualStudioVersion = 10.0.40219.1
Project("{FAE04EC0-301F-11D3-BF4B-00C04F79EFBC}") = "LedBoard", "LedBoard\LedBoard.csproj", "{37E53829-60B3-43DF-BD82-859CBC80B100}"
EndProject
Global
	GlobalSection(SolutionConfigurationPlatforms) = preSolution
		Debug|Any CPU = Debug|Any CPU
		Release|Any CPU = Release|Any CPU
	EndGlobalSection
	GlobalSection(ProjectConfigurationPlatforms) = postSolution
		{37E53829-60B3-43DF-BD82-859CBC80B100}.Debug|Any CPU.ActiveCfg = Debug|Any CPU
		{37E53829-60B3-43DF-BD82-859CBC80B100}.Debug|Any CPU.Build.0 = Debug|Any CPU
		{37E53829-60B3-43DF-BD82-859CBC80B100}.Release|Any CPU.ActiveCfg = Release|Any CPU
		{37E53829-60B3-43DF-BD82-859CBC80B100}.Release|Any CPU.Build.0 = Release|Any CPU
	EndGlobalSection
	GlobalSection(SolutionProperties) = preSolution
		HideSolutionNode = FALSE
	EndGlobalSection
	GlobalSection(ExtensibilityGlobals) = postSolution
		SolutionGuid = {68EBF412-6C8B-4CE4-8688-A71690DDE7C9}
	EndGlobalSection
EndGlobal
